
Microsoft Visual Studio Solution File, Format Version 12.00
# Visual Studio Version 17
VisualStudioVersion = 17.0.31903.59
MinimumVisualStudioVersion = 10.0.40219.1
Project("{2150E333-8FDC-42A3-9474-1A3956D46DE8}") = "samples", "samples", "{2E51AEEF-16E6-4514-9178-A28DE5B0EEC2}"
EndProject
Project("{FAE04EC0-301F-11D3-BF4B-00C04F79EFBC}") = "HCE.Shared.DeterministicNupkg", "samples\HCE.Shared.DeterministicNupkg\HCE.Shared.DeterministicNupkg.csproj", "{087A1847-2555-47E0-B6D0-FCD8BC100DC9}"
EndProject
Project("{FAE04EC0-301F-11D3-BF4B-00C04F79EFBC}") = "HCE.Shared.SignAfterPack", "samples\HCE.Shared.SignAfterPack\HCE.Shared.SignAfterPack.csproj", "{F7577073-D5A0-48AC-8D86-6AE193BE6274}"
EndProject
Global
	GlobalSection(SolutionConfigurationPlatforms) = preSolution
		Debug|Any CPU = Debug|Any CPU
		Release|Any CPU = Release|Any CPU
	EndGlobalSection
	GlobalSection(SolutionProperties) = preSolution
		HideSolutionNode = FALSE
	EndGlobalSection
	GlobalSection(ProjectConfigurationPlatforms) = postSolution
		{087A1847-2555-47E0-B6D0-FCD8BC100DC9}.Debug|Any CPU.ActiveCfg = Debug|Any CPU
		{087A1847-2555-47E0-B6D0-FCD8BC100DC9}.Debug|Any CPU.Build.0 = Debug|Any CPU
		{087A1847-2555-47E0-B6D0-FCD8BC100DC9}.Release|Any CPU.ActiveCfg = Release|Any CPU
		{087A1847-2555-47E0-B6D0-FCD8BC100DC9}.Release|Any CPU.Build.0 = Release|Any CPU
		{F7577073-D5A0-48AC-8D86-6AE193BE6274}.Debug|Any CPU.ActiveCfg = Debug|Any CPU
		{F7577073-D5A0-48AC-8D86-6AE193BE6274}.Debug|Any CPU.Build.0 = Debug|Any CPU
		{F7577073-D5A0-48AC-8D86-6AE193BE6274}.Release|Any CPU.ActiveCfg = Release|Any CPU
		{F7577073-D5A0-48AC-8D86-6AE193BE6274}.Release|Any CPU.Build.0 = Release|Any CPU
	EndGlobalSection
	GlobalSection(NestedProjects) = preSolution
		{087A1847-2555-47E0-B6D0-FCD8BC100DC9} = {2E51AEEF-16E6-4514-9178-A28DE5B0EEC2}
		{F7577073-D5A0-48AC-8D86-6AE193BE6274} = {2E51AEEF-16E6-4514-9178-A28DE5B0EEC2}
	EndGlobalSection
EndGlobal
